# THIS IS AN AUTOGENERATED FILE. DO NOT EDIT THIS FILE DIRECTLY.
# yarn lockfile v1


"@esbuild/android-arm64@0.19.5":
  version "0.19.5"
  resolved "https://registry.yarnpkg.com/@esbuild/android-arm64/-/android-arm64-0.19.5.tgz#276c5f99604054d3dbb733577e09adae944baa90"
  integrity sha512-5d1OkoJxnYQfmC+Zd8NBFjkhyCNYwM4n9ODrycTFY6Jk1IGiZ+tjVJDDSwDt77nK+tfpGP4T50iMtVi4dEGzhQ==

"@esbuild/android-arm@0.19.5":
  version "0.19.5"
  resolved "https://registry.yarnpkg.com/@esbuild/android-arm/-/android-arm-0.19.5.tgz#4a3cbf14758166abaae8ba9c01a80e68342a4eec"
  integrity sha512-bhvbzWFF3CwMs5tbjf3ObfGqbl/17ict2/uwOSfr3wmxDE6VdS2GqY/FuzIPe0q0bdhj65zQsvqfArI9MY6+AA==

"@esbuild/android-x64@0.19.5":
  version "0.19.5"
  resolved "https://registry.yarnpkg.com/@esbuild/android-x64/-/android-x64-0.19.5.tgz#21a3d11cd4613d2d3c5ccb9e746c254eb9265b0a"
  integrity sha512-9t+28jHGL7uBdkBjL90QFxe7DVA+KGqWlHCF8ChTKyaKO//VLuoBricQCgwhOjA1/qOczsw843Fy4cbs4H3DVA==

"@esbuild/darwin-arm64@0.19.5":
  version "0.19.5"
  resolved "https://registry.yarnpkg.com/@esbuild/darwin-arm64/-/darwin-arm64-0.19.5.tgz#714cb839f467d6a67b151ee8255886498e2b9bf6"
  integrity sha512-mvXGcKqqIqyKoxq26qEDPHJuBYUA5KizJncKOAf9eJQez+L9O+KfvNFu6nl7SCZ/gFb2QPaRqqmG0doSWlgkqw==

"@esbuild/darwin-x64@0.19.5":
  version "0.19.5"
  resolved "https://registry.yarnpkg.com/@esbuild/darwin-x64/-/darwin-x64-0.19.5.tgz#2c553e97a6d2b4ae76a884e35e6cbab85a990bbf"
  integrity sha512-Ly8cn6fGLNet19s0X4unjcniX24I0RqjPv+kurpXabZYSXGM4Pwpmf85WHJN3lAgB8GSth7s5A0r856S+4DyiA==

"@esbuild/freebsd-arm64@0.19.5":
  version "0.19.5"
  resolved "https://registry.yarnpkg.com/@esbuild/freebsd-arm64/-/freebsd-arm64-0.19.5.tgz#d554f556718adb31917a0da24277bf84b6ee87f3"
  integrity sha512-GGDNnPWTmWE+DMchq1W8Sd0mUkL+APvJg3b11klSGUDvRXh70JqLAO56tubmq1s2cgpVCSKYywEiKBfju8JztQ==

"@esbuild/freebsd-x64@0.19.5":
  version "0.19.5"
  resolved "https://registry.yarnpkg.com/@esbuild/freebsd-x64/-/freebsd-x64-0.19.5.tgz#288f7358a3bb15d99e73c65c9adaa3dabb497432"
  integrity sha512-1CCwDHnSSoA0HNwdfoNY0jLfJpd7ygaLAp5EHFos3VWJCRX9DMwWODf96s9TSse39Br7oOTLryRVmBoFwXbuuQ==

"@esbuild/linux-arm64@0.19.5":
  version "0.19.5"
  resolved "https://registry.yarnpkg.com/@esbuild/linux-arm64/-/linux-arm64-0.19.5.tgz#95933ae86325c93cb6b5e8333d22120ecfdc901b"
  integrity sha512-o3vYippBmSrjjQUCEEiTZ2l+4yC0pVJD/Dl57WfPwwlvFkrxoSO7rmBZFii6kQB3Wrn/6GwJUPLU5t52eq2meA==

"@esbuild/linux-arm@0.19.5":
  version "0.19.5"
  resolved "https://registry.yarnpkg.com/@esbuild/linux-arm/-/linux-arm-0.19.5.tgz#0acef93aa3e0579e46d33b666627bddb06636664"
  integrity sha512-lrWXLY/vJBzCPC51QN0HM71uWgIEpGSjSZZADQhq7DKhPcI6NH1IdzjfHkDQws2oNpJKpR13kv7/pFHBbDQDwQ==

"@esbuild/linux-ia32@0.19.5":
  version "0.19.5"
  resolved "https://registry.yarnpkg.com/@esbuild/linux-ia32/-/linux-ia32-0.19.5.tgz#b6e5c9e80b42131cbd6b1ddaa48c92835f1ed67f"
  integrity sha512-MkjHXS03AXAkNp1KKkhSKPOCYztRtK+KXDNkBa6P78F8Bw0ynknCSClO/ztGszILZtyO/lVKpa7MolbBZ6oJtQ==

"@esbuild/linux-loong64@0.19.5":
  version "0.19.5"
  resolved "https://registry.yarnpkg.com/@esbuild/linux-loong64/-/linux-loong64-0.19.5.tgz#e5f0cf95a180158b01ff5f417da796a1c09dfbea"
  integrity sha512-42GwZMm5oYOD/JHqHska3Jg0r+XFb/fdZRX+WjADm3nLWLcIsN27YKtqxzQmGNJgu0AyXg4HtcSK9HuOk3v1Dw==

"@esbuild/linux-mips64el@0.19.5":
  version "0.19.5"
  resolved "https://registry.yarnpkg.com/@esbuild/linux-mips64el/-/linux-mips64el-0.19.5.tgz#ae36fb86c7d5f641f3a0c8472e83dcb6ea36a408"
  integrity sha512-kcjndCSMitUuPJobWCnwQ9lLjiLZUR3QLQmlgaBfMX23UEa7ZOrtufnRds+6WZtIS9HdTXqND4yH8NLoVVIkcg==

"@esbuild/linux-ppc64@0.19.5":
  version "0.19.5"
  resolved "https://registry.yarnpkg.com/@esbuild/linux-ppc64/-/linux-ppc64-0.19.5.tgz#7960cb1666f0340ddd9eef7b26dcea3835d472d0"
  integrity sha512-yJAxJfHVm0ZbsiljbtFFP1BQKLc8kUF6+17tjQ78QjqjAQDnhULWiTA6u0FCDmYT1oOKS9PzZ2z0aBI+Mcyj7Q==

"@esbuild/linux-riscv64@0.19.5":
  version "0.19.5"
  resolved "https://registry.yarnpkg.com/@esbuild/linux-riscv64/-/linux-riscv64-0.19.5.tgz#32207df26af60a3a9feea1783fc21b9817bade19"
  integrity sha512-5u8cIR/t3gaD6ad3wNt1MNRstAZO+aNyBxu2We8X31bA8XUNyamTVQwLDA1SLoPCUehNCymhBhK3Qim1433Zag==

"@esbuild/linux-s390x@0.19.5":
  version "0.19.5"
  resolved "https://registry.yarnpkg.com/@esbuild/linux-s390x/-/linux-s390x-0.19.5.tgz#b38d5681db89a3723862dfa792812397b1510a7d"
  integrity sha512-Z6JrMyEw/EmZBD/OFEFpb+gao9xJ59ATsoTNlj39jVBbXqoZm4Xntu6wVmGPB/OATi1uk/DB+yeDPv2E8PqZGw==

"@esbuild/linux-x64@0.19.5":
  version "0.19.5"
  resolved "https://registry.yarnpkg.com/@esbuild/linux-x64/-/linux-x64-0.19.5.tgz#46feba2ad041a241379d150f415b472fe3885075"
  integrity sha512-psagl+2RlK1z8zWZOmVdImisMtrUxvwereIdyJTmtmHahJTKb64pAcqoPlx6CewPdvGvUKe2Jw+0Z/0qhSbG1A==

"@esbuild/netbsd-x64@0.19.5":
  version "0.19.5"
  resolved "https://registry.yarnpkg.com/@esbuild/netbsd-x64/-/netbsd-x64-0.19.5.tgz#3b5c1fb068f26bfc681d31f682adf1bea4ef0702"
  integrity sha512-kL2l+xScnAy/E/3119OggX8SrWyBEcqAh8aOY1gr4gPvw76la2GlD4Ymf832UCVbmuWeTf2adkZDK+h0Z/fB4g==

"@esbuild/openbsd-x64@0.19.5":
  version "0.19.5"
  resolved "https://registry.yarnpkg.com/@esbuild/openbsd-x64/-/openbsd-x64-0.19.5.tgz#ca6830316ca68056c5c88a875f103ad3235e00db"
  integrity sha512-sPOfhtzFufQfTBgRnE1DIJjzsXukKSvZxloZbkJDG383q0awVAq600pc1nfqBcl0ice/WN9p4qLc39WhBShRTA==

"@esbuild/sunos-x64@0.19.5":
  version "0.19.5"
  resolved "https://registry.yarnpkg.com/@esbuild/sunos-x64/-/sunos-x64-0.19.5.tgz#9efc4eb9539a7be7d5a05ada52ee43cda0d8e2dd"
  integrity sha512-dGZkBXaafuKLpDSjKcB0ax0FL36YXCvJNnztjKV+6CO82tTYVDSH2lifitJ29jxRMoUhgkg9a+VA/B03WK5lcg==

"@esbuild/win32-arm64@0.19.5":
  version "0.19.5"
  resolved "https://registry.yarnpkg.com/@esbuild/win32-arm64/-/win32-arm64-0.19.5.tgz#29f8184afa7a02a956ebda4ed638099f4b8ff198"
  integrity sha512-dWVjD9y03ilhdRQ6Xig1NWNgfLtf2o/STKTS+eZuF90fI2BhbwD6WlaiCGKptlqXlURVB5AUOxUj09LuwKGDTg==

"@esbuild/win32-ia32@0.19.5":
  version "0.19.5"
  resolved "https://registry.yarnpkg.com/@esbuild/win32-ia32/-/win32-ia32-0.19.5.tgz#f3de07afb292ecad651ae4bb8727789de2d95b05"
  integrity sha512-4liggWIA4oDgUxqpZwrDhmEfAH4d0iljanDOK7AnVU89T6CzHon/ony8C5LeOdfgx60x5cnQJFZwEydVlYx4iw==

"@esbuild/win32-x64@0.19.5":
  version "0.19.5"
  resolved "https://registry.yarnpkg.com/@esbuild/win32-x64/-/win32-x64-0.19.5.tgz#faad84c41ba12e3a0acb52571df9bff37bee75f6"
  integrity sha512-czTrygUsB/jlM8qEW5MD8bgYU2Xg14lo6kBDXW6HdxKjh8M5PzETGiSHaz9MtbXBYDloHNUAUW2tMiKW4KM9Mw==

"@nodelib/fs.scandir@2.1.4":
  version "2.1.4"
  resolved "https://registry.yarnpkg.com/@nodelib/fs.scandir/-/fs.scandir-2.1.4.tgz#d4b3549a5db5de2683e0c1071ab4f140904bbf69"
  integrity sha512-33g3pMJk3bg5nXbL/+CY6I2eJDzZAni49PfJnL5fghPTggPvBd/pFNSgJsdAgWptuFu7qq/ERvOYFlhvsLTCKA==
  dependencies:
    "@nodelib/fs.stat" "2.0.4"
    run-parallel "^1.1.9"

"@nodelib/fs.stat@2.0.4", "@nodelib/fs.stat@^2.0.2":
  version "2.0.4"
  resolved "https://registry.yarnpkg.com/@nodelib/fs.stat/-/fs.stat-2.0.4.tgz#a3f2dd61bab43b8db8fa108a121cfffe4c676655"
  integrity sha512-IYlHJA0clt2+Vg7bccq+TzRdJvv19c2INqBSsoOLp1je7xjtr7J26+WXR72MCdvU9q1qTzIWDfhMf+DRvQJK4Q==

"@nodelib/fs.walk@^1.2.3":
  version "1.2.6"
  resolved "https://registry.yarnpkg.com/@nodelib/fs.walk/-/fs.walk-1.2.6.tgz#cce9396b30aa5afe9e3756608f5831adcb53d063"
  integrity sha512-8Broas6vTtW4GIXTAHDoE32hnN2M5ykgCpWGbuXHQ15vEMqr23pB76e/GZcYsZCHALv50ktd24qhEyKr6wBtow==
  dependencies:
    "@nodelib/fs.scandir" "2.1.4"
    fastq "^1.6.0"

"@rollup/rollup-android-arm-eabi@4.4.1":
  version "4.4.1"
  resolved "https://registry.yarnpkg.com/@rollup/rollup-android-arm-eabi/-/rollup-android-arm-eabi-4.4.1.tgz#f276b0fa322270aa42d1f56c982db6ef8d6a4393"
  integrity sha512-Ss4suS/sd+6xLRu+MLCkED2mUrAyqHmmvZB+zpzZ9Znn9S8wCkTQCJaQ8P8aHofnvG5L16u9MVnJjCqioPErwQ==

"@rollup/rollup-android-arm64@4.4.1":
  version "4.4.1"
  resolved "https://registry.yarnpkg.com/@rollup/rollup-android-arm64/-/rollup-android-arm64-4.4.1.tgz#f0492f00d18e1067785f8e820e137c00528c5e62"
  integrity sha512-sRSkGTvGsARwWd7TzC8LKRf8FiPn7257vd/edzmvG4RIr9x68KBN0/Ek48CkuUJ5Pj/Dp9vKWv6PEupjKWjTYA==

"@rollup/rollup-darwin-arm64@4.4.1":
  version "4.4.1"
  resolved "https://registry.yarnpkg.com/@rollup/rollup-darwin-arm64/-/rollup-darwin-arm64-4.4.1.tgz#40443db7f4559171d797581e0618ec1a4c8dcee9"
  integrity sha512-nz0AiGrrXyaWpsmBXUGOBiRDU0wyfSXbFuF98pPvIO8O6auQsPG6riWsfQqmCCC5FNd8zKQ4JhgugRNAkBJ8mQ==

"@rollup/rollup-darwin-x64@4.4.1":
  version "4.4.1"
  resolved "https://registry.yarnpkg.com/@rollup/rollup-darwin-x64/-/rollup-darwin-x64-4.4.1.tgz#2868f37a9f9c2c22c091b6209f6ce7454437edf9"
  integrity sha512-Ogqvf4/Ve/faMaiPRvzsJEqajbqs00LO+8vtrPBVvLgdw4wBg6ZDXdkDAZO+4MLnrc8mhGV6VJAzYScZdPLtJg==

"@rollup/rollup-linux-arm-gnueabihf@4.4.1":
  version "4.4.1"
  resolved "https://registry.yarnpkg.com/@rollup/rollup-linux-arm-gnueabihf/-/rollup-linux-arm-gnueabihf-4.4.1.tgz#d78d7ad358d24058166ab5599de3dcb5ab951add"
  integrity sha512-9zc2tqlr6HfO+hx9+wktUlWTRdje7Ub15iJqKcqg5uJZ+iKqmd2CMxlgPpXi7+bU7bjfDIuvCvnGk7wewFEhCg==

"@rollup/rollup-linux-arm64-gnu@4.4.1":
  version "4.4.1"
  resolved "https://registry.yarnpkg.com/@rollup/rollup-linux-arm64-gnu/-/rollup-linux-arm64-gnu-4.4.1.tgz#5d07588b40a04f5b6fbd9e0169c8dc32c1c2ed21"
  integrity sha512-phLb1fN3rq2o1j1v+nKxXUTSJnAhzhU0hLrl7Qzb0fLpwkGMHDem+o6d+ZI8+/BlTXfMU4kVWGvy6g9k/B8L6Q==

"@rollup/rollup-linux-arm64-musl@4.4.1":
  version "4.4.1"
  resolved "https://registry.yarnpkg.com/@rollup/rollup-linux-arm64-musl/-/rollup-linux-arm64-musl-4.4.1.tgz#d452e88a02755f449f6e98d4ce424d655ef42cfe"
  integrity sha512-M2sDtw4tf57VPSjbTAN/lz1doWUqO2CbQuX3L9K6GWIR5uw9j+ROKCvvUNBY8WUbMxwaoc8mH9HmmBKsLht7+w==

"@rollup/rollup-linux-x64-gnu@4.4.1":
  version "4.4.1"
  resolved "https://registry.yarnpkg.com/@rollup/rollup-linux-x64-gnu/-/rollup-linux-x64-gnu-4.4.1.tgz#e8e8e87ab098784383a5ced4aa4bbfa7b2c92a4e"
  integrity sha512-mHIlRLX+hx+30cD6c4BaBOsSqdnCE4ok7/KDvjHYAHoSuveoMMxIisZFvcLhUnyZcPBXDGZTuBoalcuh43UfQQ==

"@rollup/rollup-linux-x64-musl@4.4.1":
  version "4.4.1"
  resolved "https://registry.yarnpkg.com/@rollup/rollup-linux-x64-musl/-/rollup-linux-x64-musl-4.4.1.tgz#3e5da42626672e2d620ed12746158b0cf6143b23"
  integrity sha512-tB+RZuDi3zxFx7vDrjTNGVLu2KNyzYv+UY8jz7e4TMEoAj7iEt8Qk6xVu6mo3pgjnsHj6jnq3uuRsHp97DLwOA==

"@rollup/rollup-win32-arm64-msvc@4.4.1":
  version "4.4.1"
  resolved "https://registry.yarnpkg.com/@rollup/rollup-win32-arm64-msvc/-/rollup-win32-arm64-msvc-4.4.1.tgz#0f0d0c6b75c53643fab8238c76889a95bca3b9cc"
  integrity sha512-Hdn39PzOQowK/HZzYpCuZdJC91PE6EaGbTe2VCA9oq2u18evkisQfws0Smh9QQGNNRa/T7MOuGNQoLeXhhE3PQ==

"@rollup/rollup-win32-ia32-msvc@4.4.1":
  version "4.4.1"
  resolved "https://registry.yarnpkg.com/@rollup/rollup-win32-ia32-msvc/-/rollup-win32-ia32-msvc-4.4.1.tgz#8bb9e8fbf0fdf96fe3bebcee23f5cfdbbd9a4a0a"
  integrity sha512-tLpKb1Elm9fM8c5w3nl4N1eLTP4bCqTYw9tqUBxX8/hsxqHO3dxc2qPbZ9PNkdK4tg4iLEYn0pOUnVByRd2CbA==

"@rollup/rollup-win32-x64-msvc@4.4.1":
  version "4.4.1"
  resolved "https://registry.yarnpkg.com/@rollup/rollup-win32-x64-msvc/-/rollup-win32-x64-msvc-4.4.1.tgz#8311b77e6cce322865ba12ada8c3779369610d18"
  integrity sha512-eAhItDX9yQtZVM3yvXS/VR3qPqcnXvnLyx1pLXl4JzyNMBNO3KC986t/iAg2zcMzpAp9JSvxB5VZGnBiNoA98w==

braces@^3.0.1:
  version "3.0.2"
  resolved "https://registry.yarnpkg.com/braces/-/braces-3.0.2.tgz#3454e1a462ee8d599e236df336cd9ea4f8afe107"
  integrity sha512-b8um+L1RzM3WDSzvhm6gIz1yfTbBt6YTlcEKAvsmqCZZFw46z626lVj9j1yEPW33H5H+lBQpZMP1k8l+78Ha0A==
  dependencies:
    fill-range "^7.0.1"

ci@^2.0.0:
  version "2.0.0"
  resolved "https://registry.yarnpkg.com/ci/-/ci-2.0.0.tgz#a8a1dba0858a407bed00959ba16484754d8e0bca"
  integrity sha512-AF1LGjZzq/BLdEvY7hUBb5ZSicjIB6NuzaOSyTfeUWthBuaNI4o4z0UQKIpLSJMfIjIfRXHR9nK3L7QGJjYJUA==

debug@^4.3.1:
  version "4.3.4"
  resolved "https://registry.yarnpkg.com/debug/-/debug-4.3.4.tgz#1319f6579357f2338d3337d2cdd4914bb5dcc865"
  integrity sha512-PRWFHuSU3eDtQJPvnNY7Jcket1j0t5OuOsFzPPzsekD52Zl8qUfFIPEiswXqIvHWGVHOgX+7G/vCNNhehwxfkQ==
  dependencies:
    ms "2.1.2"

esbuild@^0.19.3:
  version "0.19.5"
  resolved "https://registry.yarnpkg.com/esbuild/-/esbuild-0.19.5.tgz#53a0e19dfbf61ba6c827d51a80813cf071239a8c"
  integrity sha512-bUxalY7b1g8vNhQKdB24QDmHeY4V4tw/s6Ak5z+jJX9laP5MoQseTOMemAr0gxssjNcH0MCViG8ONI2kksvfFQ==
  optionalDependencies:
    "@esbuild/android-arm" "0.19.5"
    "@esbuild/android-arm64" "0.19.5"
    "@esbuild/android-x64" "0.19.5"
    "@esbuild/darwin-arm64" "0.19.5"
    "@esbuild/darwin-x64" "0.19.5"
    "@esbuild/freebsd-arm64" "0.19.5"
    "@esbuild/freebsd-x64" "0.19.5"
    "@esbuild/linux-arm" "0.19.5"
    "@esbuild/linux-arm64" "0.19.5"
    "@esbuild/linux-ia32" "0.19.5"
    "@esbuild/linux-loong64" "0.19.5"
    "@esbuild/linux-mips64el" "0.19.5"
    "@esbuild/linux-ppc64" "0.19.5"
    "@esbuild/linux-riscv64" "0.19.5"
    "@esbuild/linux-s390x" "0.19.5"
    "@esbuild/linux-x64" "0.19.5"
    "@esbuild/netbsd-x64" "0.19.5"
    "@esbuild/openbsd-x64" "0.19.5"
    "@esbuild/sunos-x64" "0.19.5"
    "@esbuild/win32-arm64" "0.19.5"
    "@esbuild/win32-ia32" "0.19.5"
    "@esbuild/win32-x64" "0.19.5"

fast-glob@^3.2.4:
  version "3.3.2"
  resolved "https://registry.yarnpkg.com/fast-glob/-/fast-glob-3.3.2.tgz#a904501e57cfdd2ffcded45e99a54fef55e46129"
  integrity sha512-oX2ruAFQwf/Orj8m737Y5adxDQO0LAB7/S5MnxCdTNDd4p6BsyIVsv9JQsATbTSq8KHRpLwIHbVlUNatxd+1Ow==
  dependencies:
    "@nodelib/fs.stat" "^2.0.2"
    "@nodelib/fs.walk" "^1.2.3"
    glob-parent "^5.1.2"
    merge2 "^1.3.0"
    micromatch "^4.0.4"

fastq@^1.6.0:
  version "1.10.1"
  resolved "https://registry.yarnpkg.com/fastq/-/fastq-1.10.1.tgz#8b8f2ac8bf3632d67afcd65dac248d5fdc45385e"
  integrity sha512-AWuv6Ery3pM+dY7LYS8YIaCiQvUaos9OB1RyNgaOWnaX+Tik7Onvcsf8x8c+YtDeT0maYLniBip2hox5KtEXXA==
  dependencies:
    reusify "^1.0.4"

fill-range@^7.0.1:
  version "7.0.1"
  resolved "https://registry.yarnpkg.com/fill-range/-/fill-range-7.0.1.tgz#1919a6a7c75fe38b2c7c77e5198535da9acdda40"
  integrity sha512-qOo9F+dMUmC2Lcb4BbVvnKJxTPjCm+RRpe4gDuGrzkL7mEVl/djYSu2OdQ2Pa302N4oqkSg9ir6jaLWJ2USVpQ==
  dependencies:
    to-regex-range "^5.0.1"

fsevents@~2.3.2:
  version "2.3.2"
  resolved "https://registry.yarnpkg.com/fsevents/-/fsevents-2.3.2.tgz#8a526f78b8fdf4623b709e0b975c52c24c02fd1a"
  integrity sha512-xiqMQR4xAeHTuB9uWm+fFRcIOgKBMiOBP+eXiyT7jsgVCq1bkVygt00oASowB7EdtpOHaaPgKt812P9ab+DDKA==

fsevents@~2.3.3:
  version "2.3.3"
  resolved "https://registry.yarnpkg.com/fsevents/-/fsevents-2.3.3.tgz#cac6407785d03675a2a5e1a5305c697b347d90d6"
  integrity sha512-5xoDfX+fL7faATnagmWPpbFtwh/R77WmMMqqHGS65C3vvB0YHrgF+B1YmZ3441tMj5n63k0212XNoJwzlhffQw==

glob-parent@^5.1.2:
  version "5.1.2"
  resolved "https://registry.yarnpkg.com/glob-parent/-/glob-parent-5.1.2.tgz#869832c58034fe68a4093c17dc15e8340d8401c4"
  integrity sha512-AOIgSQCepiJYwP3ARnGx+5VnTu2HBYdzbGP45eLw1vr3zB3vZLeyed1sC9hnbcOc9/SrMyM5RPQrkGz4aS9Zow==
  dependencies:
    is-glob "^4.0.1"

is-extglob@^2.1.1:
  version "2.1.1"
  resolved "https://registry.yarnpkg.com/is-extglob/-/is-extglob-2.1.1.tgz#a88c02535791f02ed37c76a1b9ea9773c833f8c2"
  integrity sha1-qIwCU1eR8C7TfHahueqXc8gz+MI=

is-glob@^4.0.1:
  version "4.0.1"
  resolved "https://registry.yarnpkg.com/is-glob/-/is-glob-4.0.1.tgz#7567dbe9f2f5e2467bc77ab83c4a29482407a5dc"
  integrity sha512-5G0tKtBTFImOqDnLB2hG6Bp2qcKEFduo4tZu9MT/H6NQv/ghhy30o55ufafxJ/LdH79LLs2Kfrn85TLKyA7BUg==
  dependencies:
    is-extglob "^2.1.1"

is-number@^7.0.0:
  version "7.0.0"
  resolved "https://registry.yarnpkg.com/is-number/-/is-number-7.0.0.tgz#7535345b896734d5f80c4d06c50955527a14f12b"
  integrity sha512-41Cifkg6e8TylSpdtTpeLVMqvSBEVzTttHvERD741+pnZ8ANv0004MRL43QKPDlK9cGvNp6NZWZUBlbGXYxxng==

left-pad@^1.2.0:
  version "1.2.0"
  resolved "https://registry.yarnpkg.com/left-pad/-/left-pad-1.2.0.tgz#d30a73c6b8201d8f7d8e7956ba9616087a68e0ee"

merge2@^1.3.0:
  version "1.4.1"
  resolved "https://registry.yarnpkg.com/merge2/-/merge2-1.4.1.tgz#4368892f885e907455a6fd7dc55c0c9d404990ae"
  integrity sha512-8q7VEgMJW4J8tcfVPy8g09NcQwZdbwFEqhe/WZkoIzjn/3TGDwtOCYtXGxA3O8tPzpczCCDgv+P2P5y00ZJOOg==

micromatch@^4.0.4:
  version "4.0.4"
  resolved "https://registry.yarnpkg.com/micromatch/-/micromatch-4.0.4.tgz#896d519dfe9db25fce94ceb7a500919bf881ebf9"
  integrity sha512-pRmzw/XUcwXGpD9aI9q/0XOwLNygjETJ8y0ao0wdqprrzDa4YnxLcz7fQRZr8voh8V10kGhABbNcHVk5wHgWwg==
  dependencies:
    braces "^3.0.1"
    picomatch "^2.2.3"

ms@2.1.2:
  version "2.1.2"
  resolved "https://registry.yarnpkg.com/ms/-/ms-2.1.2.tgz#d09d1f357b443f493382a8eb3ccd183872ae6009"
  integrity sha512-sGkPx+VjMtmA6MX27oA4FBFELFCZZ4S4XqeGOXCv68tT+jb3vk/RyaKWP0PTKyWtmLSM0b+adUTEvbs1PEaH2w==

nanoid@^3.3.6:
  version "3.3.7"
  resolved "https://registry.yarnpkg.com/nanoid/-/nanoid-3.3.7.tgz#d0c301a691bc8d54efa0a2226ccf3fe2fd656bd8"
  integrity sha512-eSRppjcPIatRIMC1U6UngP8XFcz8MQWGQdt1MTBQ7NaAmvXDfvNxbvWV3x2y6CdEUciCSsDHDQZbhYaB8QEo2g==

picocolors@^1.0.0:
  version "1.0.0"
  resolved "https://registry.yarnpkg.com/picocolors/-/picocolors-1.0.0.tgz#cb5bdc74ff3f51892236eaf79d68bc44564ab81c"
  integrity sha512-1fygroTLlHu66zi26VoTDv8yRgm0Fccecssto+MhsZ0D/DGW2sm8E8AjW7NU5VVTRt5GxbeZ5qBuJr+HyLYkjQ==

picomatch@^2.2.3:
  version "2.3.1"
  resolved "https://registry.yarnpkg.com/picomatch/-/picomatch-2.3.1.tgz#3ba3833733646d9d3e4995946c1365a67fb07a42"
  integrity sha512-JU3teHTNjmE2VCGFzuY8EXzCDVwEqB2a8fsIvwaStHhAWJEeVd1o1QD80CU6+ZdEXXSLbSsuLwJjkCBWqRQUVA==

postcss@^8.4.31:
  version "8.4.31"
  resolved "https://registry.yarnpkg.com/postcss/-/postcss-8.4.31.tgz#92b451050a9f914da6755af352bdc0192508656d"
  integrity sha512-PS08Iboia9mts/2ygV3eLpY5ghnUcfLV/EXTOW1E2qYxJKGGBUtNjN76FYHnMs36RmARn41bC0AZmn+rR0OVpQ==
  dependencies:
    nanoid "^3.3.6"
    picocolors "^1.0.0"
    source-map-js "^1.0.2"

reusify@^1.0.4:
  version "1.0.4"
  resolved "https://registry.yarnpkg.com/reusify/-/reusify-1.0.4.tgz#90da382b1e126efc02146e90845a88db12925d76"
  integrity sha512-U9nH88a3fc/ekCF1l0/UP1IosiuIjyTh7hBvXVMHYgVcfGvt897Xguj2UOLDeI5BG2m7/uwyaLVT6fbtCwTyzw==

right-pad@^1.0.1:
  version "1.0.1"
  resolved "https://registry.yarnpkg.com/right-pad/-/right-pad-1.0.1.tgz#8ca08c2cbb5b55e74dafa96bf7fd1a27d568c8d0"

rollup@^4.2.0:
  version "4.4.1"
  resolved "https://registry.yarnpkg.com/rollup/-/rollup-4.4.1.tgz#2f85169f23d13dabb3d9b846d753965757353820"
  integrity sha512-idZzrUpWSblPJX66i+GzrpjKE3vbYrlWirUHteoAbjKReZwa0cohAErOYA5efoMmNCdvG9yrJS+w9Kl6csaH4w==
  optionalDependencies:
    "@rollup/rollup-android-arm-eabi" "4.4.1"
    "@rollup/rollup-android-arm64" "4.4.1"
    "@rollup/rollup-darwin-arm64" "4.4.1"
    "@rollup/rollup-darwin-x64" "4.4.1"
    "@rollup/rollup-linux-arm-gnueabihf" "4.4.1"
    "@rollup/rollup-linux-arm64-gnu" "4.4.1"
    "@rollup/rollup-linux-arm64-musl" "4.4.1"
    "@rollup/rollup-linux-x64-gnu" "4.4.1"
    "@rollup/rollup-linux-x64-musl" "4.4.1"
    "@rollup/rollup-win32-arm64-msvc" "4.4.1"
    "@rollup/rollup-win32-ia32-msvc" "4.4.1"
    "@rollup/rollup-win32-x64-msvc" "4.4.1"
    fsevents "~2.3.2"

run-parallel@^1.1.9:
  version "1.1.10"
  resolved "https://registry.yarnpkg.com/run-parallel/-/run-parallel-1.1.10.tgz#60a51b2ae836636c81377df16cb107351bcd13ef"
  integrity sha512-zb/1OuZ6flOlH6tQyMPUrE3x3Ulxjlo9WIVXR4yVYi4H9UXQaeIsPbLn2R3O3vQCnDKkAl2qHiuocKKX4Tz/Sw==

source-map-js@^1.0.2:
  version "1.0.2"
  resolved "https://registry.yarnpkg.com/source-map-js/-/source-map-js-1.0.2.tgz#adbc361d9c62df380125e7f161f71c826f1e490c"
  integrity sha512-R0XvVJ9WusLiqTCEiGCmICCMplcCkIwwR11mOSD9CR5u+IXYdiseeEuXCVAjS54zqwkLcPNnmU4OeJ6tUrWhDw==

to-regex-range@^5.0.1:
  version "5.0.1"
  resolved "https://registry.yarnpkg.com/to-regex-range/-/to-regex-range-5.0.1.tgz#1648c44aae7c8d988a326018ed72f5b4dd0392e4"
  integrity sha512-65P7iz6X5yEr1cwcgvQxbbIw7Uk3gOy5dIdtZ4rDveLqhrdJP+Li/Hx6tyK0NEb+2GCyneCMJiGqrADCSNk8sQ==
  dependencies:
    is-number "^7.0.0"

vite-plugin-ruby@^1.0.8:
  version "1.0.18"
  resolved "https://registry.yarnpkg.com/vite-plugin-ruby/-/vite-plugin-ruby-1.0.18.tgz#ef0dd26b3435e64704a88d5bf4c512b6bc534ca5"
  integrity sha512-lFoyao23eWAzMzUregVe4FTYsfBKP7i4wQlE0PNj26C+cJcf5cEtv7c+PZjVVOhZF2p/FwbtmKCBqjl7Gj9Crw==
  dependencies:
    debug "^4.3.1"
    fast-glob "^3.2.4"

vite@^5.0.0:
  version "5.0.0"
  resolved "https://registry.yarnpkg.com/vite/-/vite-5.0.0.tgz#3bfb65acda2a97127e4fa240156664a1f234ce08"
  integrity sha512-ESJVM59mdyGpsiNAeHQOR/0fqNoOyWPYesFto8FFZugfmhdHx8Fzd8sF3Q/xkVhZsyOxHfdM7ieiVAorI9RjFw==
  dependencies:
    esbuild "^0.19.3"
    postcss "^8.4.31"
    rollup "^4.2.0"
  optionalDependencies:
    fsevents "~2.3.3"
